
Microsoft Visual Studio Solution File, Format Version 12.00
# Visual Studio Version 16
VisualStudioVersion = 16.0.30523.141
MinimumVisualStudioVersion = 10.0.40219.1
Project("{FAE04EC0-301F-11D3-BF4B-00C04F79EFBC}") = "Hybrid.AgentService", "Hybrid.AgentService\Hybrid.AgentService.csproj", "{5D1484EC-3667-4903-A028-2342088AB8FA}"
EndProject
Project("{2150E333-8FDC-42A3-9474-1A3956D46DE8}") = "Common", "Common", "{18139D06-49AF-405E-AD55-D8CFBC70CF44}"
EndProject
Project("{FAE04EC0-301F-11D3-BF4B-00C04F79EFBC}") = "Hybrid.Contract", "Hybrid.Contract\Hybrid.Contract.csproj", "{58BC837E-2FD3-4ACC-9F0F-86680B1C8150}"
EndProject
Project("{FAE04EC0-301F-11D3-BF4B-00C04F79EFBC}") = "Hybrid.Resource", "Hybrid.Resource\Hybrid.Resource.csproj", "{013B1F39-B428-47F4-873E-A1983A2B0F11}"
EndProject
Project("{FAE04EC0-301F-11D3-BF4B-00C04F79EFBC}") = "Hybrid.ClientLibrary", "Hybrid.ClientLibrary\Hybrid.ClientLibrary.csproj", "{0109852A-7D2E-43C0-8CC8-9E2BD66D24ED}"
EndProject
Project("{FAE04EC0-301F-11D3-BF4B-00C04F79EFBC}") = "Hybrid.Utility", "Hybrid.Utility\Hybrid.Utility.csproj", "{B391BA26-90A9-49C2-9576-2E959D14AD0A}"
EndProject
Project("{2150E333-8FDC-42A3-9474-1A3956D46DE8}") = "HybirdFramework", "HybirdFramework", "{3EF7AD9D-A27F-4A3E-9CCA-E38A5F4D1244}"
EndProject
Project("{2150E333-8FDC-42A3-9474-1A3956D46DE8}") = "IdentityServer", "IdentityServer", "{5F96FFBC-B91E-48BF-9444-BBD728ABA84F}"
EndProject
Project("{9A19103F-16F7-4668-BE54-9A1E7A4F7556}") = "IdentityServer", "..\HybirdFramework\IdentityServer\IdentityServer\IdentityServer.csproj", "{6C7D1C72-8E45-4B78-9440-19709DC6E227}"
EndProject
Project("{9A19103F-16F7-4668-BE54-9A1E7A4F7556}") = "Client", "..\HybirdFramework\IdentityServer\Client\Client.csproj", "{30E24164-33A2-49BF-907B-B89CD9EB01AD}"
EndProject
Project("{9A19103F-16F7-4668-BE54-9A1E7A4F7556}") = "Api", "..\HybirdFramework\IdentityServer\Api\Api.csproj", "{39B32E51-7DDC-4F5C-A05C-DDE431924C98}"
EndProject
Project("{9A19103F-16F7-4668-BE54-9A1E7A4F7556}") = "HybridCommonModel", "..\HybirdFramework\CommonModel\HybridCommonModel.csproj", "{2558232D-8404-4A8B-B4AE-592A838B3008}"
EndProject
Project("{9A19103F-16F7-4668-BE54-9A1E7A4F7556}") = "HybridProxy", "..\HybirdFramework\HybirdProxy\HybridProxy.csproj", "{F1AAFEBB-531E-4161-9560-55FD18384AF6}"
EndProject
Project("{FAE04EC0-301F-11D3-BF4B-00C04F79EFBC}") = "Hybrid.Browser", "Hybrid.Browser\Hybrid.Browser.csproj", "{35A15A4C-8F96-47C4-BDF1-27C3591F97F2}"
EndProject
Project("{FAE04EC0-301F-11D3-BF4B-00C04F79EFBC}") = "RAContract", "..\RAContract\RAContract.csproj", "{AB46537F-42C0-46AD-927A-C04F0168BFBE}"
EndProject
Project("{9A19103F-16F7-4668-BE54-9A1E7A4F7556}") = "Hybrid.ClientCore", "Hybrid.ClientCore\Hybrid.ClientCore.csproj", "{4414E70B-65D1-4A4A-BFFF-5C66B67FA09F}"
EndProject
Global
	GlobalSection(SolutionConfigurationPlatforms) = preSolution
		Debug|Any CPU = Debug|Any CPU
		Release|Any CPU = Release|Any CPU
	EndGlobalSection
	GlobalSection(ProjectConfigurationPlatforms) = postSolution
		{5D1484EC-3667-4903-A028-2342088AB8FA}.Debug|Any CPU.ActiveCfg = Debug|Any CPU
		{5D1484EC-3667-4903-A028-2342088AB8FA}.Debug|Any CPU.Build.0 = Debug|Any CPU
		{5D1484EC-3667-4903-A028-2342088AB8FA}.Release|Any CPU.ActiveCfg = Release|Any CPU
		{5D1484EC-3667-4903-A028-2342088AB8FA}.Release|Any CPU.Build.0 = Release|Any CPU
		{58BC837E-2FD3-4ACC-9F0F-86680B1C8150}.Debug|Any CPU.ActiveCfg = Debug|Any CPU
		{58BC837E-2FD3-4ACC-9F0F-86680B1C8150}.Debug|Any CPU.Build.0 = Debug|Any CPU
		{58BC837E-2FD3-4ACC-9F0F-86680B1C8150}.Release|Any CPU.ActiveCfg = Release|Any CPU
		{58BC837E-2FD3-4ACC-9F0F-86680B1C8150}.Release|Any CPU.Build.0 = Release|Any CPU
		{013B1F39-B428-47F4-873E-A1983A2B0F11}.Debug|Any CPU.ActiveCfg = Debug|Any CPU
		{013B1F39-B428-47F4-873E-A1983A2B0F11}.Debug|Any CPU.Build.0 = Debug|Any CPU
		{013B1F39-B428-47F4-873E-A1983A2B0F11}.Release|Any CPU.ActiveCfg = Release|Any CPU
		{013B1F39-B428-47F4-873E-A1983A2B0F11}.Release|Any CPU.Build.0 = Release|Any CPU
		{0109852A-7D2E-43C0-8CC8-9E2BD66D24ED}.Debug|Any CPU.ActiveCfg = Debug|Any CPU
		{0109852A-7D2E-43C0-8CC8-9E2BD66D24ED}.Debug|Any CPU.Build.0 = Debug|Any CPU
		{0109852A-7D2E-43C0-8CC8-9E2BD66D24ED}.Release|Any CPU.ActiveCfg = Release|Any CPU
		{0109852A-7D2E-43C0-8CC8-9E2BD66D24ED}.Release|Any CPU.Build.0 = Release|Any CPU
		{B391BA26-90A9-49C2-9576-2E959D14AD0A}.Debug|Any CPU.ActiveCfg = Debug|Any CPU
		{B391BA26-90A9-49C2-9576-2E959D14AD0A}.Debug|Any CPU.Build.0 = Debug|Any CPU
		{B391BA26-90A9-49C2-9576-2E959D14AD0A}.Release|Any CPU.ActiveCfg = Release|Any CPU
		{B391BA26-90A9-49C2-9576-2E959D14AD0A}.Release|Any CPU.Build.0 = Release|Any CPU
		{6C7D1C72-8E45-4B78-9440-19709DC6E227}.Debug|Any CPU.ActiveCfg = Debug|Any CPU
		{6C7D1C72-8E45-4B78-9440-19709DC6E227}.Debug|Any CPU.Build.0 = Debug|Any CPU
		{6C7D1C72-8E45-4B78-9440-19709DC6E227}.Release|Any CPU.ActiveCfg = Release|Any CPU
		{6C7D1C72-8E45-4B78-9440-19709DC6E227}.Release|Any CPU.Build.0 = Release|Any CPU
		{30E24164-33A2-49BF-907B-B89CD9EB01AD}.Debug|Any CPU.ActiveCfg = Debug|Any CPU
		{30E24164-33A2-49BF-907B-B89CD9EB01AD}.Debug|Any CPU.Build.0 = Debug|Any CPU
		{30E24164-33A2-49BF-907B-B89CD9EB01AD}.Release|Any CPU.ActiveCfg = Release|Any CPU
		{30E24164-33A2-49BF-907B-B89CD9EB01AD}.Release|Any CPU.Build.0 = Release|Any CPU
		{39B32E51-7DDC-4F5C-A05C-DDE431924C98}.Debug|Any CPU.ActiveCfg = Debug|Any CPU
		{39B32E51-7DDC-4F5C-A05C-DDE431924C98}.Debug|Any CPU.Build.0 = Debug|Any CPU
		{39B32E51-7DDC-4F5C-A05C-DDE431924C98}.Release|Any CPU.ActiveCfg = Release|Any CPU
		{39B32E51-7DDC-4F5C-A05C-DDE431924C98}.Release|Any CPU.Build.0 = Release|Any CPU
		{2558232D-8404-4A8B-B4AE-592A838B3008}.Debug|Any CPU.ActiveCfg = Debug|Any CPU
		{2558232D-8404-4A8B-B4AE-592A838B3008}.Debug|Any CPU.Build.0 = Debug|Any CPU
		{2558232D-8404-4A8B-B4AE-592A838B3008}.Release|Any CPU.ActiveCfg = Release|Any CPU
		{2558232D-8404-4A8B-B4AE-592A838B3008}.Release|Any CPU.Build.0 = Release|Any CPU
		{F1AAFEBB-531E-4161-9560-55FD18384AF6}.Debug|Any CPU.ActiveCfg = Debug|Any CPU
		{F1AAFEBB-531E-4161-9560-55FD18384AF6}.Debug|Any CPU.Build.0 = Debug|Any CPU
		{F1AAFEBB-531E-4161-9560-55FD18384AF6}.Release|Any CPU.ActiveCfg = Release|Any CPU
		{F1AAFEBB-531E-4161-9560-55FD18384AF6}.Release|Any CPU.Build.0 = Release|Any CPU
		{35A15A4C-8F96-47C4-BDF1-27C3591F97F2}.Debug|Any CPU.ActiveCfg = Debug|Any CPU
		{35A15A4C-8F96-47C4-BDF1-27C3591F97F2}.Debug|Any CPU.Build.0 = Debug|Any CPU
		{35A15A4C-8F96-47C4-BDF1-27C3591F97F2}.Release|Any CPU.ActiveCfg = Release|Any CPU
		{35A15A4C-8F96-47C4-BDF1-27C3591F97F2}.Release|Any CPU.Build.0 = Release|Any CPU
		{AB46537F-42C0-46AD-927A-C04F0168BFBE}.Debug|Any CPU.ActiveCfg = Debug|Any CPU
		{AB46537F-42C0-46AD-927A-C04F0168BFBE}.Debug|Any CPU.Build.0 = Debug|Any CPU
		{AB46537F-42C0-46AD-927A-C04F0168BFBE}.Release|Any CPU.ActiveCfg = Release|Any CPU
		{AB46537F-42C0-46AD-927A-C04F0168BFBE}.Release|Any CPU.Build.0 = Release|Any CPU
		{4414E70B-65D1-4A4A-BFFF-5C66B67FA09F}.Debug|Any CPU.ActiveCfg = Debug|Any CPU
		{4414E70B-65D1-4A4A-BFFF-5C66B67FA09F}.Debug|Any CPU.Build.0 = Debug|Any CPU
		{4414E70B-65D1-4A4A-BFFF-5C66B67FA09F}.Release|Any CPU.ActiveCfg = Release|Any CPU
		{4414E70B-65D1-4A4A-BFFF-5C66B67FA09F}.Release|Any CPU.Build.0 = Release|Any CPU
	EndGlobalSection
	GlobalSection(SolutionProperties) = preSolution
		HideSolutionNode = FALSE
	EndGlobalSection
	GlobalSection(NestedProjects) = preSolution
		{58BC837E-2FD3-4ACC-9F0F-86680B1C8150} = {18139D06-49AF-405E-AD55-D8CFBC70CF44}
		{013B1F39-B428-47F4-873E-A1983A2B0F11} = {18139D06-49AF-405E-AD55-D8CFBC70CF44}
		{0109852A-7D2E-43C0-8CC8-9E2BD66D24ED} = {18139D06-49AF-405E-AD55-D8CFBC70CF44}
		{B391BA26-90A9-49C2-9576-2E959D14AD0A} = {18139D06-49AF-405E-AD55-D8CFBC70CF44}
		{5F96FFBC-B91E-48BF-9444-BBD728ABA84F} = {3EF7AD9D-A27F-4A3E-9CCA-E38A5F4D1244}
		{6C7D1C72-8E45-4B78-9440-19709DC6E227} = {5F96FFBC-B91E-48BF-9444-BBD728ABA84F}
		{30E24164-33A2-49BF-907B-B89CD9EB01AD} = {5F96FFBC-B91E-48BF-9444-BBD728ABA84F}
		{39B32E51-7DDC-4F5C-A05C-DDE431924C98} = {5F96FFBC-B91E-48BF-9444-BBD728ABA84F}
		{2558232D-8404-4A8B-B4AE-592A838B3008} = {3EF7AD9D-A27F-4A3E-9CCA-E38A5F4D1244}
		{F1AAFEBB-531E-4161-9560-55FD18384AF6} = {3EF7AD9D-A27F-4A3E-9CCA-E38A5F4D1244}
		{AB46537F-42C0-46AD-927A-C04F0168BFBE} = {18139D06-49AF-405E-AD55-D8CFBC70CF44}
		{4414E70B-65D1-4A4A-BFFF-5C66B67FA09F} = {18139D06-49AF-405E-AD55-D8CFBC70CF44}
	EndGlobalSection
	GlobalSection(ExtensibilityGlobals) = postSolution
		SolutionGuid = {690063CF-575A-41AD-BA65-11B2B02A92D8}
	EndGlobalSection
EndGlobal
