
Microsoft Visual Studio Solution File, Format Version 12.00
# Visual Studio Version 16
VisualStudioVersion = 16.0.30523.141
MinimumVisualStudioVersion = 10.0.40219.1
Project("{FAE04EC0-301F-11D3-BF4B-00C04F79EFBC}") = "Hybrid.AgentService", "Hybrid.AgentService\Hybrid.AgentService.csproj", "{5D1484EC-3667-4903-A028-2342088AB8FA}"
EndProject
Project("{2150E333-8FDC-42A3-9474-1A3956D46DE8}") = "Common", "Common", "{18139D06-49AF-405E-AD55-D8CFBC70CF44}"
EndProject
Project("{FAE04EC0-301F-11D3-BF4B-00C04F79EFBC}") = "Hybrid.Contract", "Hybrid.Contract\Hybrid.Contract.csproj", "{58BC837E-2FD3-4ACC-9F0F-86680B1C8150}"
EndProject
Project("{FAE04EC0-301F-11D3-BF4B-00C04F79EFBC}") = "Hybrid.Resource", "Hybrid.Resource\Hybrid.Resource.csproj", "{013B1F39-B428-47F4-873E-A1983A2B0F11}"
EndProject
Project("{FAE04EC0-301F-11D3-BF4B-00C04F79EFBC}") = "Hybrid.ClientLibrary", "Hybrid.ClientLibrary\Hybrid.ClientLibrary.csproj", "{0109852A-7D2E-43C0-8CC8-9E2BD66D24ED}"
EndProject
Project("{FAE04EC0-301F-11D3-BF4B-00C04F79EFBC}") = "Hybrid.Utility", "Hybrid.Utility\Hybrid.Utility.csproj", "{B391BA26-90A9-49C2-9576-2E959D14AD0A}"
EndProject
Project("{2150E333-8FDC-42A3-9474-1A3956D46DE8}") = "HybirdFramework", "HybirdFramework", "{3EF7AD9D-A27F-4A3E-9CCA-E38A5F4D1244}"
EndProject
Project("{9A19103F-16F7-4668-BE54-9A1E7A4F7556}") = "HybridCommonModel", "..\HybirdFramework\CommonModel\HybridCommonModel.csproj", "{2558232D-8404-4A8B-B4AE-592A838B3008}"
EndProject
Project("{9A19103F-16F7-4668-BE54-9A1E7A4F7556}") = "HybridProxy", "..\HybirdFramework\HybirdProxy\HybridProxy.csproj", "{F1AAFEBB-531E-4161-9560-55FD18384AF6}"
EndProject
Project("{FAE04EC0-301F-11D3-BF4B-00C04F79EFBC}") = "Hybrid.Browser", "Hybrid.Browser\Hybrid.Browser.csproj", "{35A15A4C-8F96-47C4-BDF1-27C3591F97F2}"
EndProject
Project("{FAE04EC0-301F-11D3-BF4B-00C04F79EFBC}") = "RAFileSystemWorker", "..\RAFileSystem\RAFileSystemWorker.csproj", "{C00F69B1-9949-495F-93C8-7A92CACA40CB}"
EndProject
Project("{FAE04EC0-301F-11D3-BF4B-00C04F79EFBC}") = "RAFileSystemCore", "..\RAFileSystemCore\RAFileSystemCore.csproj", "{299B387B-5A22-4E8D-9A29-BD9B55FF78CB}"
EndProject
Project("{2150E333-8FDC-42A3-9474-1A3956D46DE8}") = "RACommon", "RACommon", "{83A747C0-A96F-44CE-ABBA-92CDC8BE089E}"
EndProject
Project("{FAE04EC0-301F-11D3-BF4B-00C04F79EFBC}") = "RAContract", "..\RAContract\RAContract.csproj", "{AB46537F-42C0-46AD-927A-C04F0168BFBE}"
EndProject
Project("{FAE04EC0-301F-11D3-BF4B-00C04F79EFBC}") = "DocAve.GCommonUtility", "..\Common\GlobalCommon\GCommonUtility\DocAve.GCommonUtility.csproj", "{7151E862-A761-4A90-ACE6-37D7442047A6}"
EndProject
Project("{FAE04EC0-301F-11D3-BF4B-00C04F79EFBC}") = "DocAve.GCommonContract", "..\Common\GlobalCommon\GCommonContract\DocAve.GCommonContract.csproj", "{361F3C7C-ABBF-42D5-975A-65E4E9866068}"
EndProject
Project("{FAE04EC0-301F-11D3-BF4B-00C04F79EFBC}") = "DocAve.CommonUtility30", "..\Common\VCService30\CommonUtility30\DocAve.CommonUtility30.csproj", "{ABF32DB9-9D2A-4F78-96B5-E2B1FAC08658}"
EndProject
Project("{FAE04EC0-301F-11D3-BF4B-00C04F79EFBC}") = "Media.Storage", "..\Common\MediaStorage\Media.Storage\Media.Storage.csproj", "{3180AE0E-D8E3-4B4D-903B-4AF57D16CAF5}"
EndProject
Project("{FAE04EC0-301F-11D3-BF4B-00C04F79EFBC}") = "RACommon", "..\RACommon\RACommon.csproj", "{99071B8D-AE25-4BF0-949D-E60F4FE9FCFA}"
EndProject
Project("{FAE04EC0-301F-11D3-BF4B-00C04F79EFBC}") = "RADB", "..\RADB\RADB.csproj", "{3A636C0C-1AD8-4227-A1A4-71478F787C5C}"
EndProject
Project("{FAE04EC0-301F-11D3-BF4B-00C04F79EFBC}") = "GCommon.Extension", "..\Common\GlobalCommon\GCommon.Extension\GCommon.Extension.csproj", "{2F42782B-ED26-43A1-A6DF-60DF01DAB76D}"
EndProject
Project("{FAE04EC0-301F-11D3-BF4B-00C04F79EFBC}") = "GI18NResources", "..\Common\GlobalCommon\GI18NResources\GI18NResources.csproj", "{B92A472D-4F48-40C8-8910-AD9F35FDDAFA}"
EndProject
Project("{FAE04EC0-301F-11D3-BF4B-00C04F79EFBC}") = "GCommon.MicroKernel", "..\Common\GlobalCommon\GCommon.MicroKernel\GCommon.MicroKernel.csproj", "{4D7D0D1F-EE7B-4494-892B-478B3F92B339}"
EndProject
Project("{FAE04EC0-301F-11D3-BF4B-00C04F79EFBC}") = "GCommon.JobManagement", "..\Common\GlobalCommon\GCommon.JobManagement\GCommon.JobManagement.csproj", "{158F8458-3113-4D0B-92A4-A4A267122914}"
EndProject
Project("{FAE04EC0-301F-11D3-BF4B-00C04F79EFBC}") = "RAApi.Contract", "..\RAApi.Contract\RAApi.Contract.csproj", "{71B29AB0-8723-4073-B3E3-491E084CA8CA}"
EndProject
Project("{FAE04EC0-301F-11D3-BF4B-00C04F79EFBC}") = "RAI18N", "..\RAI18N\RAI18N.csproj", "{C2A0EBCB-94AA-4DB5-935E-4D4A196482B5}"
EndProject
Project("{2150E333-8FDC-42A3-9474-1A3956D46DE8}") = "ConfigurationTool", "ConfigurationTool", "{C14F3041-F6E9-4BF6-9195-9903D194D768}"
EndProject
Project("{FAE04EC0-301F-11D3-BF4B-00C04F79EFBC}") = "AutoInstallation.Common.GUI", "AutoInstallation.Common.GUI\AutoInstallation.Common.GUI.csproj", "{59E718BE-9C32-49D8-A159-D753C8594E83}"
EndProject
Project("{FAE04EC0-301F-11D3-BF4B-00C04F79EFBC}") = "AutoInstallation.Contract", "AutoInstallation.Contract\AutoInstallation.Contract.csproj", "{E188D83A-CF2D-4B24-8986-E1A59753E278}"
EndProject
Project("{FAE04EC0-301F-11D3-BF4B-00C04F79EFBC}") = "CloudAgentConfigurationTool", "AutoInstallation.Records.App.Installer\CloudAgentConfigurationTool.csproj", "{1513A52F-87B1-4C13-9142-18CCADCDF64B}"
EndProject
Project("{FAE04EC0-301F-11D3-BF4B-00C04F79EFBC}") = "AutoInstallation.Records.App.Resources", "AutoInstallation.Records.App.Resources\AutoInstallation.Records.App.Resources.csproj", "{5DD62476-408D-4653-A221-A54CD2965919}"
EndProject
Project("{FAE04EC0-301F-11D3-BF4B-00C04F79EFBC}") = "AutoInstallation.ViewModel", "AutoInstallation.ViewModel\AutoInstallation.ViewModel.csproj", "{49631B81-6F16-4ACE-91D6-AE867A496C60}"
EndProject
Project("{FAE04EC0-301F-11D3-BF4B-00C04F79EFBC}") = "AutoInstallationCommon", "AutoInstallationCommon\AutoInstallationCommon.csproj", "{2A6960EF-0FA1-4F98-97FD-7654DB6B900E}"
EndProject
Project("{9A19103F-16F7-4668-BE54-9A1E7A4F7556}") = "Hybrid.ClientCore", "Hybrid.ClientCore\Hybrid.ClientCore.csproj", "{F8D5C079-774E-4767-939E-071D76FC3C40}"
EndProject
Project("{9A19103F-16F7-4668-BE54-9A1E7A4F7556}") = "QueryBuilder", "..\QueryBuilder\QueryBuilder.csproj", "{979BC850-5892-4C5B-A285-82243F253E1A}"
EndProject
Global
	GlobalSection(SolutionConfigurationPlatforms) = preSolution
		Debug|Any CPU = Debug|Any CPU
		Release|Any CPU = Release|Any CPU
	EndGlobalSection
	GlobalSection(ProjectConfigurationPlatforms) = postSolution
		{5D1484EC-3667-4903-A028-2342088AB8FA}.Debug|Any CPU.ActiveCfg = Debug|Any CPU
		{5D1484EC-3667-4903-A028-2342088AB8FA}.Debug|Any CPU.Build.0 = Debug|Any CPU
		{5D1484EC-3667-4903-A028-2342088AB8FA}.Release|Any CPU.ActiveCfg = Release|Any CPU
		{5D1484EC-3667-4903-A028-2342088AB8FA}.Release|Any CPU.Build.0 = Release|Any CPU
		{58BC837E-2FD3-4ACC-9F0F-86680B1C8150}.Debug|Any CPU.ActiveCfg = Debug|Any CPU
		{58BC837E-2FD3-4ACC-9F0F-86680B1C8150}.Debug|Any CPU.Build.0 = Debug|Any CPU
		{58BC837E-2FD3-4ACC-9F0F-86680B1C8150}.Release|Any CPU.ActiveCfg = Release|Any CPU
		{58BC837E-2FD3-4ACC-9F0F-86680B1C8150}.Release|Any CPU.Build.0 = Release|Any CPU
		{013B1F39-B428-47F4-873E-A1983A2B0F11}.Debug|Any CPU.ActiveCfg = Debug|Any CPU
		{013B1F39-B428-47F4-873E-A1983A2B0F11}.Debug|Any CPU.Build.0 = Debug|Any CPU
		{013B1F39-B428-47F4-873E-A1983A2B0F11}.Release|Any CPU.ActiveCfg = Release|Any CPU
		{013B1F39-B428-47F4-873E-A1983A2B0F11}.Release|Any CPU.Build.0 = Release|Any CPU
		{0109852A-7D2E-43C0-8CC8-9E2BD66D24ED}.Debug|Any CPU.ActiveCfg = Debug|Any CPU
		{0109852A-7D2E-43C0-8CC8-9E2BD66D24ED}.Debug|Any CPU.Build.0 = Debug|Any CPU
		{0109852A-7D2E-43C0-8CC8-9E2BD66D24ED}.Release|Any CPU.ActiveCfg = Release|Any CPU
		{0109852A-7D2E-43C0-8CC8-9E2BD66D24ED}.Release|Any CPU.Build.0 = Release|Any CPU
		{B391BA26-90A9-49C2-9576-2E959D14AD0A}.Debug|Any CPU.ActiveCfg = Debug|Any CPU
		{B391BA26-90A9-49C2-9576-2E959D14AD0A}.Debug|Any CPU.Build.0 = Debug|Any CPU
		{B391BA26-90A9-49C2-9576-2E959D14AD0A}.Release|Any CPU.ActiveCfg = Release|Any CPU
		{B391BA26-90A9-49C2-9576-2E959D14AD0A}.Release|Any CPU.Build.0 = Release|Any CPU
		{2558232D-8404-4A8B-B4AE-592A838B3008}.Debug|Any CPU.ActiveCfg = Debug|Any CPU
		{2558232D-8404-4A8B-B4AE-592A838B3008}.Debug|Any CPU.Build.0 = Debug|Any CPU
		{2558232D-8404-4A8B-B4AE-592A838B3008}.Release|Any CPU.ActiveCfg = Release|Any CPU
		{2558232D-8404-4A8B-B4AE-592A838B3008}.Release|Any CPU.Build.0 = Release|Any CPU
		{F1AAFEBB-531E-4161-9560-55FD18384AF6}.Debug|Any CPU.ActiveCfg = Debug|Any CPU
		{F1AAFEBB-531E-4161-9560-55FD18384AF6}.Debug|Any CPU.Build.0 = Debug|Any CPU
		{F1AAFEBB-531E-4161-9560-55FD18384AF6}.Release|Any CPU.ActiveCfg = Release|Any CPU
		{F1AAFEBB-531E-4161-9560-55FD18384AF6}.Release|Any CPU.Build.0 = Release|Any CPU
		{35A15A4C-8F96-47C4-BDF1-27C3591F97F2}.Debug|Any CPU.ActiveCfg = Debug|Any CPU
		{35A15A4C-8F96-47C4-BDF1-27C3591F97F2}.Debug|Any CPU.Build.0 = Debug|Any CPU
		{35A15A4C-8F96-47C4-BDF1-27C3591F97F2}.Release|Any CPU.ActiveCfg = Release|Any CPU
		{35A15A4C-8F96-47C4-BDF1-27C3591F97F2}.Release|Any CPU.Build.0 = Release|Any CPU
		{C00F69B1-9949-495F-93C8-7A92CACA40CB}.Debug|Any CPU.ActiveCfg = Debug|Any CPU
		{C00F69B1-9949-495F-93C8-7A92CACA40CB}.Debug|Any CPU.Build.0 = Debug|Any CPU
		{C00F69B1-9949-495F-93C8-7A92CACA40CB}.Release|Any CPU.ActiveCfg = Release|Any CPU
		{C00F69B1-9949-495F-93C8-7A92CACA40CB}.Release|Any CPU.Build.0 = Release|Any CPU
		{299B387B-5A22-4E8D-9A29-BD9B55FF78CB}.Debug|Any CPU.ActiveCfg = Debug|Any CPU
		{299B387B-5A22-4E8D-9A29-BD9B55FF78CB}.Debug|Any CPU.Build.0 = Debug|Any CPU
		{299B387B-5A22-4E8D-9A29-BD9B55FF78CB}.Release|Any CPU.ActiveCfg = Release|Any CPU
		{299B387B-5A22-4E8D-9A29-BD9B55FF78CB}.Release|Any CPU.Build.0 = Release|Any CPU
		{AB46537F-42C0-46AD-927A-C04F0168BFBE}.Debug|Any CPU.ActiveCfg = Debug|Any CPU
		{AB46537F-42C0-46AD-927A-C04F0168BFBE}.Debug|Any CPU.Build.0 = Debug|Any CPU
		{AB46537F-42C0-46AD-927A-C04F0168BFBE}.Release|Any CPU.ActiveCfg = Release|Any CPU
		{AB46537F-42C0-46AD-927A-C04F0168BFBE}.Release|Any CPU.Build.0 = Release|Any CPU
		{7151E862-A761-4A90-ACE6-37D7442047A6}.Debug|Any CPU.ActiveCfg = Debug|Any CPU
		{7151E862-A761-4A90-ACE6-37D7442047A6}.Debug|Any CPU.Build.0 = Debug|Any CPU
		{7151E862-A761-4A90-ACE6-37D7442047A6}.Release|Any CPU.ActiveCfg = Release|Any CPU
		{7151E862-A761-4A90-ACE6-37D7442047A6}.Release|Any CPU.Build.0 = Release|Any CPU
		{361F3C7C-ABBF-42D5-975A-65E4E9866068}.Debug|Any CPU.ActiveCfg = Debug|Any CPU
		{361F3C7C-ABBF-42D5-975A-65E4E9866068}.Debug|Any CPU.Build.0 = Debug|Any CPU
		{361F3C7C-ABBF-42D5-975A-65E4E9866068}.Release|Any CPU.ActiveCfg = Release|Any CPU
		{361F3C7C-ABBF-42D5-975A-65E4E9866068}.Release|Any CPU.Build.0 = Release|Any CPU
		{ABF32DB9-9D2A-4F78-96B5-E2B1FAC08658}.Debug|Any CPU.ActiveCfg = Debug|Any CPU
		{ABF32DB9-9D2A-4F78-96B5-E2B1FAC08658}.Debug|Any CPU.Build.0 = Debug|Any CPU
		{ABF32DB9-9D2A-4F78-96B5-E2B1FAC08658}.Release|Any CPU.ActiveCfg = Release|Any CPU
		{ABF32DB9-9D2A-4F78-96B5-E2B1FAC08658}.Release|Any CPU.Build.0 = Release|Any CPU
		{3180AE0E-D8E3-4B4D-903B-4AF57D16CAF5}.Debug|Any CPU.ActiveCfg = Debug|Any CPU
		{3180AE0E-D8E3-4B4D-903B-4AF57D16CAF5}.Debug|Any CPU.Build.0 = Debug|Any CPU
		{3180AE0E-D8E3-4B4D-903B-4AF57D16CAF5}.Release|Any CPU.ActiveCfg = Release|Any CPU
		{3180AE0E-D8E3-4B4D-903B-4AF57D16CAF5}.Release|Any CPU.Build.0 = Release|Any CPU
		{99071B8D-AE25-4BF0-949D-E60F4FE9FCFA}.Debug|Any CPU.ActiveCfg = Debug|Any CPU
		{99071B8D-AE25-4BF0-949D-E60F4FE9FCFA}.Debug|Any CPU.Build.0 = Debug|Any CPU
		{99071B8D-AE25-4BF0-949D-E60F4FE9FCFA}.Release|Any CPU.ActiveCfg = Release|Any CPU
		{99071B8D-AE25-4BF0-949D-E60F4FE9FCFA}.Release|Any CPU.Build.0 = Release|Any CPU
		{3A636C0C-1AD8-4227-A1A4-71478F787C5C}.Debug|Any CPU.ActiveCfg = Debug|Any CPU
		{3A636C0C-1AD8-4227-A1A4-71478F787C5C}.Debug|Any CPU.Build.0 = Debug|Any CPU
		{3A636C0C-1AD8-4227-A1A4-71478F787C5C}.Release|Any CPU.ActiveCfg = Release|Any CPU
		{3A636C0C-1AD8-4227-A1A4-71478F787C5C}.Release|Any CPU.Build.0 = Release|Any CPU
		{2F42782B-ED26-43A1-A6DF-60DF01DAB76D}.Debug|Any CPU.ActiveCfg = Debug|Any CPU
		{2F42782B-ED26-43A1-A6DF-60DF01DAB76D}.Debug|Any CPU.Build.0 = Debug|Any CPU
		{2F42782B-ED26-43A1-A6DF-60DF01DAB76D}.Release|Any CPU.ActiveCfg = Release|Any CPU
		{2F42782B-ED26-43A1-A6DF-60DF01DAB76D}.Release|Any CPU.Build.0 = Release|Any CPU
		{B92A472D-4F48-40C8-8910-AD9F35FDDAFA}.Debug|Any CPU.ActiveCfg = Debug|Any CPU
		{B92A472D-4F48-40C8-8910-AD9F35FDDAFA}.Debug|Any CPU.Build.0 = Debug|Any CPU
		{B92A472D-4F48-40C8-8910-AD9F35FDDAFA}.Release|Any CPU.ActiveCfg = Release|Any CPU
		{B92A472D-4F48-40C8-8910-AD9F35FDDAFA}.Release|Any CPU.Build.0 = Release|Any CPU
		{4D7D0D1F-EE7B-4494-892B-478B3F92B339}.Debug|Any CPU.ActiveCfg = Debug|Any CPU
		{4D7D0D1F-EE7B-4494-892B-478B3F92B339}.Debug|Any CPU.Build.0 = Debug|Any CPU
		{4D7D0D1F-EE7B-4494-892B-478B3F92B339}.Release|Any CPU.ActiveCfg = Release|Any CPU
		{4D7D0D1F-EE7B-4494-892B-478B3F92B339}.Release|Any CPU.Build.0 = Release|Any CPU
		{158F8458-3113-4D0B-92A4-A4A267122914}.Debug|Any CPU.ActiveCfg = Debug|Any CPU
		{158F8458-3113-4D0B-92A4-A4A267122914}.Debug|Any CPU.Build.0 = Debug|Any CPU
		{158F8458-3113-4D0B-92A4-A4A267122914}.Release|Any CPU.ActiveCfg = Release|Any CPU
		{158F8458-3113-4D0B-92A4-A4A267122914}.Release|Any CPU.Build.0 = Release|Any CPU
		{71B29AB0-8723-4073-B3E3-491E084CA8CA}.Debug|Any CPU.ActiveCfg = Debug|Any CPU
		{71B29AB0-8723-4073-B3E3-491E084CA8CA}.Debug|Any CPU.Build.0 = Debug|Any CPU
		{71B29AB0-8723-4073-B3E3-491E084CA8CA}.Release|Any CPU.ActiveCfg = Release|Any CPU
		{71B29AB0-8723-4073-B3E3-491E084CA8CA}.Release|Any CPU.Build.0 = Release|Any CPU
		{C2A0EBCB-94AA-4DB5-935E-4D4A196482B5}.Debug|Any CPU.ActiveCfg = Debug|Any CPU
		{C2A0EBCB-94AA-4DB5-935E-4D4A196482B5}.Debug|Any CPU.Build.0 = Debug|Any CPU
		{C2A0EBCB-94AA-4DB5-935E-4D4A196482B5}.Release|Any CPU.ActiveCfg = Release|Any CPU
		{C2A0EBCB-94AA-4DB5-935E-4D4A196482B5}.Release|Any CPU.Build.0 = Release|Any CPU
		{59E718BE-9C32-49D8-A159-D753C8594E83}.Debug|Any CPU.ActiveCfg = Debug|Any CPU
		{59E718BE-9C32-49D8-A159-D753C8594E83}.Debug|Any CPU.Build.0 = Debug|Any CPU
		{59E718BE-9C32-49D8-A159-D753C8594E83}.Release|Any CPU.ActiveCfg = Release|Any CPU
		{59E718BE-9C32-49D8-A159-D753C8594E83}.Release|Any CPU.Build.0 = Release|Any CPU
		{E188D83A-CF2D-4B24-8986-E1A59753E278}.Debug|Any CPU.ActiveCfg = Debug|Any CPU
		{E188D83A-CF2D-4B24-8986-E1A59753E278}.Debug|Any CPU.Build.0 = Debug|Any CPU
		{E188D83A-CF2D-4B24-8986-E1A59753E278}.Release|Any CPU.ActiveCfg = Release|Any CPU
		{E188D83A-CF2D-4B24-8986-E1A59753E278}.Release|Any CPU.Build.0 = Release|Any CPU
		{1513A52F-87B1-4C13-9142-18CCADCDF64B}.Debug|Any CPU.ActiveCfg = Debug|Any CPU
		{1513A52F-87B1-4C13-9142-18CCADCDF64B}.Debug|Any CPU.Build.0 = Debug|Any CPU
		{1513A52F-87B1-4C13-9142-18CCADCDF64B}.Release|Any CPU.ActiveCfg = Release|Any CPU
		{1513A52F-87B1-4C13-9142-18CCADCDF64B}.Release|Any CPU.Build.0 = Release|Any CPU
		{5DD62476-408D-4653-A221-A54CD2965919}.Debug|Any CPU.ActiveCfg = Debug|Any CPU
		{5DD62476-408D-4653-A221-A54CD2965919}.Debug|Any CPU.Build.0 = Debug|Any CPU
		{5DD62476-408D-4653-A221-A54CD2965919}.Release|Any CPU.ActiveCfg = Release|Any CPU
		{5DD62476-408D-4653-A221-A54CD2965919}.Release|Any CPU.Build.0 = Release|Any CPU
		{49631B81-6F16-4ACE-91D6-AE867A496C60}.Debug|Any CPU.ActiveCfg = Debug|Any CPU
		{49631B81-6F16-4ACE-91D6-AE867A496C60}.Debug|Any CPU.Build.0 = Debug|Any CPU
		{49631B81-6F16-4ACE-91D6-AE867A496C60}.Release|Any CPU.ActiveCfg = Release|Any CPU
		{49631B81-6F16-4ACE-91D6-AE867A496C60}.Release|Any CPU.Build.0 = Release|Any CPU
		{2A6960EF-0FA1-4F98-97FD-7654DB6B900E}.Debug|Any CPU.ActiveCfg = Debug|Any CPU
		{2A6960EF-0FA1-4F98-97FD-7654DB6B900E}.Debug|Any CPU.Build.0 = Debug|Any CPU
		{2A6960EF-0FA1-4F98-97FD-7654DB6B900E}.Release|Any CPU.ActiveCfg = Release|Any CPU
		{2A6960EF-0FA1-4F98-97FD-7654DB6B900E}.Release|Any CPU.Build.0 = Release|Any CPU
		{F8D5C079-774E-4767-939E-071D76FC3C40}.Debug|Any CPU.ActiveCfg = Debug|Any CPU
		{F8D5C079-774E-4767-939E-071D76FC3C40}.Debug|Any CPU.Build.0 = Debug|Any CPU
		{F8D5C079-774E-4767-939E-071D76FC3C40}.Release|Any CPU.ActiveCfg = Release|Any CPU
		{F8D5C079-774E-4767-939E-071D76FC3C40}.Release|Any CPU.Build.0 = Release|Any CPU
		{979BC850-5892-4C5B-A285-82243F253E1A}.Debug|Any CPU.ActiveCfg = Debug|Any CPU
		{979BC850-5892-4C5B-A285-82243F253E1A}.Debug|Any CPU.Build.0 = Debug|Any CPU
		{979BC850-5892-4C5B-A285-82243F253E1A}.Release|Any CPU.ActiveCfg = Release|Any CPU
		{979BC850-5892-4C5B-A285-82243F253E1A}.Release|Any CPU.Build.0 = Release|Any CPU
	EndGlobalSection
	GlobalSection(SolutionProperties) = preSolution
		HideSolutionNode = FALSE
	EndGlobalSection
	GlobalSection(NestedProjects) = preSolution
		{58BC837E-2FD3-4ACC-9F0F-86680B1C8150} = {18139D06-49AF-405E-AD55-D8CFBC70CF44}
		{013B1F39-B428-47F4-873E-A1983A2B0F11} = {18139D06-49AF-405E-AD55-D8CFBC70CF44}
		{0109852A-7D2E-43C0-8CC8-9E2BD66D24ED} = {18139D06-49AF-405E-AD55-D8CFBC70CF44}
		{B391BA26-90A9-49C2-9576-2E959D14AD0A} = {18139D06-49AF-405E-AD55-D8CFBC70CF44}
		{2558232D-8404-4A8B-B4AE-592A838B3008} = {3EF7AD9D-A27F-4A3E-9CCA-E38A5F4D1244}
		{F1AAFEBB-531E-4161-9560-55FD18384AF6} = {3EF7AD9D-A27F-4A3E-9CCA-E38A5F4D1244}
		{AB46537F-42C0-46AD-927A-C04F0168BFBE} = {83A747C0-A96F-44CE-ABBA-92CDC8BE089E}
		{7151E862-A761-4A90-ACE6-37D7442047A6} = {83A747C0-A96F-44CE-ABBA-92CDC8BE089E}
		{361F3C7C-ABBF-42D5-975A-65E4E9866068} = {83A747C0-A96F-44CE-ABBA-92CDC8BE089E}
		{ABF32DB9-9D2A-4F78-96B5-E2B1FAC08658} = {83A747C0-A96F-44CE-ABBA-92CDC8BE089E}
		{3180AE0E-D8E3-4B4D-903B-4AF57D16CAF5} = {83A747C0-A96F-44CE-ABBA-92CDC8BE089E}
		{99071B8D-AE25-4BF0-949D-E60F4FE9FCFA} = {83A747C0-A96F-44CE-ABBA-92CDC8BE089E}
		{3A636C0C-1AD8-4227-A1A4-71478F787C5C} = {83A747C0-A96F-44CE-ABBA-92CDC8BE089E}
		{2F42782B-ED26-43A1-A6DF-60DF01DAB76D} = {83A747C0-A96F-44CE-ABBA-92CDC8BE089E}
		{B92A472D-4F48-40C8-8910-AD9F35FDDAFA} = {83A747C0-A96F-44CE-ABBA-92CDC8BE089E}
		{4D7D0D1F-EE7B-4494-892B-478B3F92B339} = {83A747C0-A96F-44CE-ABBA-92CDC8BE089E}
		{158F8458-3113-4D0B-92A4-A4A267122914} = {83A747C0-A96F-44CE-ABBA-92CDC8BE089E}
		{71B29AB0-8723-4073-B3E3-491E084CA8CA} = {83A747C0-A96F-44CE-ABBA-92CDC8BE089E}
		{C2A0EBCB-94AA-4DB5-935E-4D4A196482B5} = {83A747C0-A96F-44CE-ABBA-92CDC8BE089E}
		{59E718BE-9C32-49D8-A159-D753C8594E83} = {C14F3041-F6E9-4BF6-9195-9903D194D768}
		{E188D83A-CF2D-4B24-8986-E1A59753E278} = {C14F3041-F6E9-4BF6-9195-9903D194D768}
		{1513A52F-87B1-4C13-9142-18CCADCDF64B} = {C14F3041-F6E9-4BF6-9195-9903D194D768}
		{5DD62476-408D-4653-A221-A54CD2965919} = {C14F3041-F6E9-4BF6-9195-9903D194D768}
		{49631B81-6F16-4ACE-91D6-AE867A496C60} = {C14F3041-F6E9-4BF6-9195-9903D194D768}
		{2A6960EF-0FA1-4F98-97FD-7654DB6B900E} = {C14F3041-F6E9-4BF6-9195-9903D194D768}
		{F8D5C079-774E-4767-939E-071D76FC3C40} = {18139D06-49AF-405E-AD55-D8CFBC70CF44}
		{979BC850-5892-4C5B-A285-82243F253E1A} = {83A747C0-A96F-44CE-ABBA-92CDC8BE089E}
	EndGlobalSection
	GlobalSection(ExtensibilityGlobals) = postSolution
		SolutionGuid = {690063CF-575A-41AD-BA65-11B2B02A92D8}
	EndGlobalSection
EndGlobal
