
Microsoft Visual Studio Solution File, Format Version 12.00
# Visual Studio Version 16
VisualStudioVersion = 16.0.31105.61
MinimumVisualStudioVersion = 10.0.40219.1
Project("{FAE04EC0-301F-11D3-BF4B-00C04F79EFBC}") = "RASPApp", "RASPApp\RASPApp.csproj", "{D38B6596-EF17-4090-99FA-C828AAFA3EDE}"
EndProject
Project("{FAE04EC0-301F-11D3-BF4B-00C04F79EFBC}") = "RASPAppWeb", "RASPAppWeb\RASPAppWeb.csproj", "{2DDBADFA-E562-4D5F-B200-CB811DEFF223}"
EndProject
Project("{FAE04EC0-301F-11D3-BF4B-00C04F79EFBC}") = "RACommon", "..\RACommon\RACommon.csproj", "{99071B8D-AE25-4BF0-949D-E60F4FE9FCFA}"
EndProject
Project("{FAE04EC0-301F-11D3-BF4B-00C04F79EFBC}") = "RAContract", "..\RAContract\RAContract.csproj", "{AB46537F-42C0-46AD-927A-C04F0168BFBE}"
EndProject
Project("{FAE04EC0-301F-11D3-BF4B-00C04F79EFBC}") = "RAI18N", "..\RAI18N\RAI18N.csproj", "{C2A0EBCB-94AA-4DB5-935E-4D4A196482B5}"
EndProject
Project("{2150E333-8FDC-42A3-9474-1A3956D46DE8}") = "Common", "Common", "{05951FBA-71E9-4903-B18A-6E585C9A630A}"
EndProject
Project("{FAE04EC0-301F-11D3-BF4B-00C04F79EFBC}") = "DocAve.CommonUtility30", "..\Common\VCService30\CommonUtility30\DocAve.CommonUtility30.csproj", "{ABF32DB9-9D2A-4F78-96B5-E2B1FAC08658}"
EndProject
Project("{FAE04EC0-301F-11D3-BF4B-00C04F79EFBC}") = "DocAve.GCommonContract", "..\Common\GlobalCommon\GCommonContract\DocAve.GCommonContract.csproj", "{361F3C7C-ABBF-42D5-975A-65E4E9866068}"
EndProject
Project("{FAE04EC0-301F-11D3-BF4B-00C04F79EFBC}") = "DocAve.GCommonUtility", "..\Common\GlobalCommon\GCommonUtility\DocAve.GCommonUtility.csproj", "{7151E862-A761-4A90-ACE6-37D7442047A6}"
EndProject
Project("{FAE04EC0-301F-11D3-BF4B-00C04F79EFBC}") = "GCommon.GraphAPI", "..\Common\GlobalCommon\GCommon.GraphAPI\GCommon.GraphAPI.csproj", "{8846D3C0-67A9-4BD6-8860-AE469518C82F}"
EndProject
Project("{FAE04EC0-301F-11D3-BF4B-00C04F79EFBC}") = "GCommon.JobManagement", "..\Common\GlobalCommon\GCommon.JobManagement\GCommon.JobManagement.csproj", "{158F8458-3113-4D0B-92A4-A4A267122914}"
EndProject
Project("{FAE04EC0-301F-11D3-BF4B-00C04F79EFBC}") = "GCommon.MicroKernel", "..\Common\GlobalCommon\GCommon.MicroKernel\GCommon.MicroKernel.csproj", "{4D7D0D1F-EE7B-4494-892B-478B3F92B339}"
EndProject
Project("{FAE04EC0-301F-11D3-BF4B-00C04F79EFBC}") = "GCommonFileReceiver", "..\Common\GlobalCommon\GCommonFileReceiver\GCommonFileReceiver.csproj", "{1F76A416-ED79-4A0E-8079-8308E44EE98F}"
EndProject
Project("{FAE04EC0-301F-11D3-BF4B-00C04F79EFBC}") = "GCommonFileSender", "..\Common\GlobalCommon\GCommonFileSender\GCommonFileSender.csproj", "{284A9DB0-5AD7-49A0-AA73-FD5EE781B813}"
EndProject
Project("{FAE04EC0-301F-11D3-BF4B-00C04F79EFBC}") = "GCommonNetwork", "..\Common\GlobalCommon\GCommonNetWork\GCommonNetwork.csproj", "{590C8B1E-D973-4CF4-A142-B475131EC4B5}"
EndProject
Project("{FAE04EC0-301F-11D3-BF4B-00C04F79EFBC}") = "GI18NResources", "..\Common\GlobalCommon\GI18NResources\GI18NResources.csproj", "{B92A472D-4F48-40C8-8910-AD9F35FDDAFA}"
EndProject
Project("{FAE04EC0-301F-11D3-BF4B-00C04F79EFBC}") = "Media.Storage", "..\Common\MediaStorage\Media.Storage\Media.Storage.csproj", "{3180AE0E-D8E3-4B4D-903B-4AF57D16CAF5}"
EndProject
Project("{FAE04EC0-301F-11D3-BF4B-00C04F79EFBC}") = "GCommon.Extension", "..\Common\GlobalCommon\GCommon.Extension\GCommon.Extension.csproj", "{2F42782B-ED26-43A1-A6DF-60DF01DAB76D}"
EndProject
Project("{FAE04EC0-301F-11D3-BF4B-00C04F79EFBC}") = "Hybrid.ClientLibrary", "..\Hybrid\Hybrid.ClientLibrary\Hybrid.ClientLibrary.csproj", "{0109852A-7D2E-43C0-8CC8-9E2BD66D24ED}"
EndProject
Global
	GlobalSection(SolutionConfigurationPlatforms) = preSolution
		Debug|Any CPU = Debug|Any CPU
		Release|Any CPU = Release|Any CPU
	EndGlobalSection
	GlobalSection(ProjectConfigurationPlatforms) = postSolution
		{D38B6596-EF17-4090-99FA-C828AAFA3EDE}.Debug|Any CPU.ActiveCfg = Debug|Any CPU
		{D38B6596-EF17-4090-99FA-C828AAFA3EDE}.Debug|Any CPU.Build.0 = Debug|Any CPU
		{D38B6596-EF17-4090-99FA-C828AAFA3EDE}.Debug|Any CPU.Deploy.0 = Debug|Any CPU
		{D38B6596-EF17-4090-99FA-C828AAFA3EDE}.Release|Any CPU.ActiveCfg = Release|Any CPU
		{D38B6596-EF17-4090-99FA-C828AAFA3EDE}.Release|Any CPU.Build.0 = Release|Any CPU
		{D38B6596-EF17-4090-99FA-C828AAFA3EDE}.Release|Any CPU.Deploy.0 = Release|Any CPU
		{2DDBADFA-E562-4D5F-B200-CB811DEFF223}.Debug|Any CPU.ActiveCfg = Debug|Any CPU
		{2DDBADFA-E562-4D5F-B200-CB811DEFF223}.Debug|Any CPU.Build.0 = Debug|Any CPU
		{2DDBADFA-E562-4D5F-B200-CB811DEFF223}.Release|Any CPU.ActiveCfg = Release|Any CPU
		{2DDBADFA-E562-4D5F-B200-CB811DEFF223}.Release|Any CPU.Build.0 = Release|Any CPU
		{99071B8D-AE25-4BF0-949D-E60F4FE9FCFA}.Debug|Any CPU.ActiveCfg = Debug|Any CPU
		{99071B8D-AE25-4BF0-949D-E60F4FE9FCFA}.Debug|Any CPU.Build.0 = Debug|Any CPU
		{99071B8D-AE25-4BF0-949D-E60F4FE9FCFA}.Release|Any CPU.ActiveCfg = Release|Any CPU
		{99071B8D-AE25-4BF0-949D-E60F4FE9FCFA}.Release|Any CPU.Build.0 = Release|Any CPU
		{AB46537F-42C0-46AD-927A-C04F0168BFBE}.Debug|Any CPU.ActiveCfg = Debug|Any CPU
		{AB46537F-42C0-46AD-927A-C04F0168BFBE}.Debug|Any CPU.Build.0 = Debug|Any CPU
		{AB46537F-42C0-46AD-927A-C04F0168BFBE}.Release|Any CPU.ActiveCfg = Release|Any CPU
		{AB46537F-42C0-46AD-927A-C04F0168BFBE}.Release|Any CPU.Build.0 = Release|Any CPU
		{C2A0EBCB-94AA-4DB5-935E-4D4A196482B5}.Debug|Any CPU.ActiveCfg = Debug|Any CPU
		{C2A0EBCB-94AA-4DB5-935E-4D4A196482B5}.Debug|Any CPU.Build.0 = Debug|Any CPU
		{C2A0EBCB-94AA-4DB5-935E-4D4A196482B5}.Release|Any CPU.ActiveCfg = Release|Any CPU
		{C2A0EBCB-94AA-4DB5-935E-4D4A196482B5}.Release|Any CPU.Build.0 = Release|Any CPU
		{ABF32DB9-9D2A-4F78-96B5-E2B1FAC08658}.Debug|Any CPU.ActiveCfg = Debug|Any CPU
		{ABF32DB9-9D2A-4F78-96B5-E2B1FAC08658}.Debug|Any CPU.Build.0 = Debug|Any CPU
		{ABF32DB9-9D2A-4F78-96B5-E2B1FAC08658}.Release|Any CPU.ActiveCfg = Release|Any CPU
		{ABF32DB9-9D2A-4F78-96B5-E2B1FAC08658}.Release|Any CPU.Build.0 = Release|Any CPU
		{361F3C7C-ABBF-42D5-975A-65E4E9866068}.Debug|Any CPU.ActiveCfg = Debug|Any CPU
		{361F3C7C-ABBF-42D5-975A-65E4E9866068}.Debug|Any CPU.Build.0 = Debug|Any CPU
		{361F3C7C-ABBF-42D5-975A-65E4E9866068}.Release|Any CPU.ActiveCfg = Release|Any CPU
		{361F3C7C-ABBF-42D5-975A-65E4E9866068}.Release|Any CPU.Build.0 = Release|Any CPU
		{7151E862-A761-4A90-ACE6-37D7442047A6}.Debug|Any CPU.ActiveCfg = Debug|Any CPU
		{7151E862-A761-4A90-ACE6-37D7442047A6}.Debug|Any CPU.Build.0 = Debug|Any CPU
		{7151E862-A761-4A90-ACE6-37D7442047A6}.Release|Any CPU.ActiveCfg = Release|Any CPU
		{7151E862-A761-4A90-ACE6-37D7442047A6}.Release|Any CPU.Build.0 = Release|Any CPU
		{8846D3C0-67A9-4BD6-8860-AE469518C82F}.Debug|Any CPU.ActiveCfg = Debug|Any CPU
		{8846D3C0-67A9-4BD6-8860-AE469518C82F}.Debug|Any CPU.Build.0 = Debug|Any CPU
		{8846D3C0-67A9-4BD6-8860-AE469518C82F}.Release|Any CPU.ActiveCfg = Release|Any CPU
		{8846D3C0-67A9-4BD6-8860-AE469518C82F}.Release|Any CPU.Build.0 = Release|Any CPU
		{158F8458-3113-4D0B-92A4-A4A267122914}.Debug|Any CPU.ActiveCfg = Debug|Any CPU
		{158F8458-3113-4D0B-92A4-A4A267122914}.Debug|Any CPU.Build.0 = Debug|Any CPU
		{158F8458-3113-4D0B-92A4-A4A267122914}.Release|Any CPU.ActiveCfg = Release|Any CPU
		{158F8458-3113-4D0B-92A4-A4A267122914}.Release|Any CPU.Build.0 = Release|Any CPU
		{4D7D0D1F-EE7B-4494-892B-478B3F92B339}.Debug|Any CPU.ActiveCfg = Debug|Any CPU
		{4D7D0D1F-EE7B-4494-892B-478B3F92B339}.Debug|Any CPU.Build.0 = Debug|Any CPU
		{4D7D0D1F-EE7B-4494-892B-478B3F92B339}.Release|Any CPU.ActiveCfg = Release|Any CPU
		{4D7D0D1F-EE7B-4494-892B-478B3F92B339}.Release|Any CPU.Build.0 = Release|Any CPU
		{1F76A416-ED79-4A0E-8079-8308E44EE98F}.Debug|Any CPU.ActiveCfg = Debug|Any CPU
		{1F76A416-ED79-4A0E-8079-8308E44EE98F}.Debug|Any CPU.Build.0 = Debug|Any CPU
		{1F76A416-ED79-4A0E-8079-8308E44EE98F}.Release|Any CPU.ActiveCfg = Release|Any CPU
		{1F76A416-ED79-4A0E-8079-8308E44EE98F}.Release|Any CPU.Build.0 = Release|Any CPU
		{284A9DB0-5AD7-49A0-AA73-FD5EE781B813}.Debug|Any CPU.ActiveCfg = Debug|Any CPU
		{284A9DB0-5AD7-49A0-AA73-FD5EE781B813}.Debug|Any CPU.Build.0 = Debug|Any CPU
		{284A9DB0-5AD7-49A0-AA73-FD5EE781B813}.Release|Any CPU.ActiveCfg = Release|Any CPU
		{284A9DB0-5AD7-49A0-AA73-FD5EE781B813}.Release|Any CPU.Build.0 = Release|Any CPU
		{590C8B1E-D973-4CF4-A142-B475131EC4B5}.Debug|Any CPU.ActiveCfg = Debug|Any CPU
		{590C8B1E-D973-4CF4-A142-B475131EC4B5}.Debug|Any CPU.Build.0 = Debug|Any CPU
		{590C8B1E-D973-4CF4-A142-B475131EC4B5}.Release|Any CPU.ActiveCfg = Release|Any CPU
		{590C8B1E-D973-4CF4-A142-B475131EC4B5}.Release|Any CPU.Build.0 = Release|Any CPU
		{B92A472D-4F48-40C8-8910-AD9F35FDDAFA}.Debug|Any CPU.ActiveCfg = Debug|Any CPU
		{B92A472D-4F48-40C8-8910-AD9F35FDDAFA}.Debug|Any CPU.Build.0 = Debug|Any CPU
		{B92A472D-4F48-40C8-8910-AD9F35FDDAFA}.Release|Any CPU.ActiveCfg = Release|Any CPU
		{B92A472D-4F48-40C8-8910-AD9F35FDDAFA}.Release|Any CPU.Build.0 = Release|Any CPU
		{3180AE0E-D8E3-4B4D-903B-4AF57D16CAF5}.Debug|Any CPU.ActiveCfg = Debug|Any CPU
		{3180AE0E-D8E3-4B4D-903B-4AF57D16CAF5}.Debug|Any CPU.Build.0 = Debug|Any CPU
		{3180AE0E-D8E3-4B4D-903B-4AF57D16CAF5}.Release|Any CPU.ActiveCfg = Release|Any CPU
		{3180AE0E-D8E3-4B4D-903B-4AF57D16CAF5}.Release|Any CPU.Build.0 = Release|Any CPU
		{2F42782B-ED26-43A1-A6DF-60DF01DAB76D}.Debug|Any CPU.ActiveCfg = Debug|Any CPU
		{2F42782B-ED26-43A1-A6DF-60DF01DAB76D}.Debug|Any CPU.Build.0 = Debug|Any CPU
		{2F42782B-ED26-43A1-A6DF-60DF01DAB76D}.Release|Any CPU.ActiveCfg = Release|Any CPU
		{2F42782B-ED26-43A1-A6DF-60DF01DAB76D}.Release|Any CPU.Build.0 = Release|Any CPU
		{0109852A-7D2E-43C0-8CC8-9E2BD66D24ED}.Debug|Any CPU.ActiveCfg = Debug|Any CPU
		{0109852A-7D2E-43C0-8CC8-9E2BD66D24ED}.Debug|Any CPU.Build.0 = Debug|Any CPU
		{0109852A-7D2E-43C0-8CC8-9E2BD66D24ED}.Release|Any CPU.ActiveCfg = Release|Any CPU
		{0109852A-7D2E-43C0-8CC8-9E2BD66D24ED}.Release|Any CPU.Build.0 = Release|Any CPU
	EndGlobalSection
	GlobalSection(SolutionProperties) = preSolution
		HideSolutionNode = FALSE
	EndGlobalSection
	GlobalSection(NestedProjects) = preSolution
		{ABF32DB9-9D2A-4F78-96B5-E2B1FAC08658} = {05951FBA-71E9-4903-B18A-6E585C9A630A}
		{361F3C7C-ABBF-42D5-975A-65E4E9866068} = {05951FBA-71E9-4903-B18A-6E585C9A630A}
		{7151E862-A761-4A90-ACE6-37D7442047A6} = {05951FBA-71E9-4903-B18A-6E585C9A630A}
		{8846D3C0-67A9-4BD6-8860-AE469518C82F} = {05951FBA-71E9-4903-B18A-6E585C9A630A}
		{158F8458-3113-4D0B-92A4-A4A267122914} = {05951FBA-71E9-4903-B18A-6E585C9A630A}
		{4D7D0D1F-EE7B-4494-892B-478B3F92B339} = {05951FBA-71E9-4903-B18A-6E585C9A630A}
		{1F76A416-ED79-4A0E-8079-8308E44EE98F} = {05951FBA-71E9-4903-B18A-6E585C9A630A}
		{284A9DB0-5AD7-49A0-AA73-FD5EE781B813} = {05951FBA-71E9-4903-B18A-6E585C9A630A}
		{590C8B1E-D973-4CF4-A142-B475131EC4B5} = {05951FBA-71E9-4903-B18A-6E585C9A630A}
		{B92A472D-4F48-40C8-8910-AD9F35FDDAFA} = {05951FBA-71E9-4903-B18A-6E585C9A630A}
		{3180AE0E-D8E3-4B4D-903B-4AF57D16CAF5} = {05951FBA-71E9-4903-B18A-6E585C9A630A}
		{2F42782B-ED26-43A1-A6DF-60DF01DAB76D} = {05951FBA-71E9-4903-B18A-6E585C9A630A}
	EndGlobalSection
	GlobalSection(ExtensibilityGlobals) = postSolution
		SolutionGuid = {6B669A4D-CD88-4A59-9157-0E6BA0829BD2}
	EndGlobalSection
EndGlobal
