
Microsoft Visual Studio Solution File, Format Version 12.00
# Visual Studio Version 16
VisualStudioVersion = 16.0.29519.87
MinimumVisualStudioVersion = 10.0.40219.1
Project("{FAE04EC0-301F-11D3-BF4B-00C04F79EFBC}") = "TreeTest", "TreeTest.csproj", "{DC6E6F4A-59F1-4DA0-9F9C-277E3A594E0B}"
EndProject
Project("{FAE04EC0-301F-11D3-BF4B-00C04F79EFBC}") = "RAContract", "..\RAContract\RAContract.csproj", "{AB46537F-42C0-46AD-927A-C04F0168BFBE}"
EndProject
Project("{FAE04EC0-301F-11D3-BF4B-00C04F79EFBC}") = "RAI18N", "..\RAI18N\RAI18N.csproj", "{C2A0EBCB-94AA-4DB5-935E-4D4A196482B5}"
EndProject
Global
	GlobalSection(SolutionConfigurationPlatforms) = preSolution
		Debug|Any CPU = Debug|Any CPU
		Release|Any CPU = Release|Any CPU
	EndGlobalSection
	GlobalSection(ProjectConfigurationPlatforms) = postSolution
		{DC6E6F4A-59F1-4DA0-9F9C-277E3A594E0B}.Debug|Any CPU.ActiveCfg = Debug|Any CPU
		{DC6E6F4A-59F1-4DA0-9F9C-277E3A594E0B}.Debug|Any CPU.Build.0 = Debug|Any CPU
		{DC6E6F4A-59F1-4DA0-9F9C-277E3A594E0B}.Release|Any CPU.ActiveCfg = Release|Any CPU
		{DC6E6F4A-59F1-4DA0-9F9C-277E3A594E0B}.Release|Any CPU.Build.0 = Release|Any CPU
		{AB46537F-42C0-46AD-927A-C04F0168BFBE}.Debug|Any CPU.ActiveCfg = Debug|Any CPU
		{AB46537F-42C0-46AD-927A-C04F0168BFBE}.Debug|Any CPU.Build.0 = Debug|Any CPU
		{AB46537F-42C0-46AD-927A-C04F0168BFBE}.Release|Any CPU.ActiveCfg = Release|Any CPU
		{AB46537F-42C0-46AD-927A-C04F0168BFBE}.Release|Any CPU.Build.0 = Release|Any CPU
		{C2A0EBCB-94AA-4DB5-935E-4D4A196482B5}.Debug|Any CPU.ActiveCfg = Debug|Any CPU
		{C2A0EBCB-94AA-4DB5-935E-4D4A196482B5}.Debug|Any CPU.Build.0 = Debug|Any CPU
		{C2A0EBCB-94AA-4DB5-935E-4D4A196482B5}.Release|Any CPU.ActiveCfg = Release|Any CPU
		{C2A0EBCB-94AA-4DB5-935E-4D4A196482B5}.Release|Any CPU.Build.0 = Release|Any CPU
	EndGlobalSection
	GlobalSection(SolutionProperties) = preSolution
		HideSolutionNode = FALSE
	EndGlobalSection
	GlobalSection(ExtensibilityGlobals) = postSolution
		SolutionGuid = {6DE0A348-4AE8-449D-906F-7AF1B025F6A2}
	EndGlobalSection
EndGlobal
