
Microsoft Visual Studio Solution File, Format Version 12.00
# Visual Studio Version 17
VisualStudioVersion = 17.5.33516.290
MinimumVisualStudioVersion = 10.0.40219.1
Project("{9A19103F-16F7-4668-BE54-9A1E7A4F7556}") = "RATimerWorkerRole", "RATimerWorkerRole.csproj", "{A6DBDAF0-3C2E-41C8-8E72-8E9178B51234}"
EndProject
Project("{9A19103F-16F7-4668-BE54-9A1E7A4F7556}") = "RADBInitializationUpgrade", "..\RADBInitializationUpgrade\RADBInitializationUpgrade.csproj", "{77BB1F19-B6E6-447E-B184-419F27A419AE}"
EndProject
Global
	GlobalSection(SolutionConfigurationPlatforms) = preSolution
		Debug|Any CPU = Debug|Any CPU
		Release|Any CPU = Release|Any CPU
	EndGlobalSection
	GlobalSection(ProjectConfigurationPlatforms) = postSolution
		{A6DBDAF0-3C2E-41C8-8E72-8E9178B51234}.Debug|Any CPU.ActiveCfg = Debug|Any CPU
		{A6DBDAF0-3C2E-41C8-8E72-8E9178B51234}.Debug|Any CPU.Build.0 = Debug|Any CPU
		{A6DBDAF0-3C2E-41C8-8E72-8E9178B51234}.Release|Any CPU.ActiveCfg = Release|Any CPU
		{A6DBDAF0-3C2E-41C8-8E72-8E9178B51234}.Release|Any CPU.Build.0 = Release|Any CPU
		{77BB1F19-B6E6-447E-B184-419F27A419AE}.Debug|Any CPU.ActiveCfg = Debug|Any CPU
		{77BB1F19-B6E6-447E-B184-419F27A419AE}.Debug|Any CPU.Build.0 = Debug|Any CPU
		{77BB1F19-B6E6-447E-B184-419F27A419AE}.Release|Any CPU.ActiveCfg = Release|Any CPU
		{77BB1F19-B6E6-447E-B184-419F27A419AE}.Release|Any CPU.Build.0 = Release|Any CPU
	EndGlobalSection
	GlobalSection(SolutionProperties) = preSolution
		HideSolutionNode = FALSE
	EndGlobalSection
	GlobalSection(ExtensibilityGlobals) = postSolution
		SolutionGuid = {4787D88E-BD6A-4F74-84DF-3EA0C7EAA44E}
	EndGlobalSection
EndGlobal
