
Microsoft Visual Studio Solution File, Format Version 12.00
# Visual Studio 14
VisualStudioVersion = 14.0.23107.0
MinimumVisualStudioVersion = 10.0.40219.1
Project("{FAE04EC0-301F-11D3-BF4B-00C04F79EFBC}") = "DocAve.CommonUtility30", "..\VCService30\CommonUtility30\DocAve.CommonUtility30.csproj", "{ABF32DB9-9D2A-4F78-96B5-E2B1FAC08658}"
EndProject
Project("{FAE04EC0-301F-11D3-BF4B-00C04F79EFBC}") = "DocAve.GCommonUtility", "..\..\common\GlobalCommon\GCommonUtility\DocAve.GCommonUtility.csproj", "{7151E862-A761-4A90-ACE6-37D7442047A6}"
EndProject
Project("{FAE04EC0-301F-11D3-BF4B-00C04F79EFBC}") = "GCommonFileSender", "..\..\common\GlobalCommon\GCommonFileSender\GCommonFileSender.csproj", "{284A9DB0-5AD7-49A0-AA73-FD5EE781B813}"
EndProject
Project("{FAE04EC0-301F-11D3-BF4B-00C04F79EFBC}") = "GCommonFileReceiver", "..\..\common\GlobalCommon\GCommonFileReceiver\GCommonFileReceiver.csproj", "{1F76A416-ED79-4A0E-8079-8308E44EE98F}"
EndProject
Project("{FAE04EC0-301F-11D3-BF4B-00C04F79EFBC}") = "GCommonNetwork", "..\..\common\GlobalCommon\GCommonNetWork\GCommonNetwork.csproj", "{590C8B1E-D973-4CF4-A142-B475131EC4B5}"
EndProject
Project("{FAE04EC0-301F-11D3-BF4B-00C04F79EFBC}") = "Wrapper.Backup", "Wrapper.Backup\Wrapper.Backup.csproj", "{2E3693A2-F00E-4BFA-B87F-23F25787CDF7}"
EndProject
Project("{FAE04EC0-301F-11D3-BF4B-00C04F79EFBC}") = "Wrapper.Common", "Wrapper.Common\Wrapper.Common.csproj", "{9380E15E-5F69-4F2C-889F-E04756F6CCCA}"
EndProject
Project("{FAE04EC0-301F-11D3-BF4B-00C04F79EFBC}") = "Wrapper.Restore", "Wrapper.Restore\Wrapper.Restore.csproj", "{E3F69123-5F54-44E0-9457-C002607469F7}"
EndProject
Project("{FAE04EC0-301F-11D3-BF4B-00C04F79EFBC}") = "DocAve.GCommonContract", "..\..\common\GlobalCommon\GCommonContract\DocAve.GCommonContract.csproj", "{361F3C7C-ABBF-42D5-975A-65E4E9866068}"
EndProject
Project("{FAE04EC0-301F-11D3-BF4B-00C04F79EFBC}") = "GI18NResources", "..\..\common\GlobalCommon\GI18NResources\GI18NResources.csproj", "{B92A472D-4F48-40C8-8910-AD9F35FDDAFA}"
EndProject
Project("{FAE04EC0-301F-11D3-BF4B-00C04F79EFBC}") = "Wrapper.FileTransfer", "Wrapper.FileTransfer\Wrapper.FileTransfer.csproj", "{808AD180-F116-473F-AECD-2538500F75E0}"
EndProject
Project("{FAE04EC0-301F-11D3-BF4B-00C04F79EFBC}") = "GCommon.MicroKernel", "..\..\common\GlobalCommon\GCommon.MicroKernel\GCommon.MicroKernel.csproj", "{4D7D0D1F-EE7B-4494-892B-478B3F92B339}"
EndProject
Project("{FAE04EC0-301F-11D3-BF4B-00C04F79EFBC}") = "Wrapper.SPService", "Wrapper.SPService\Wrapper.SPService.csproj", "{565E234A-0C73-4B6C-B6BD-D0D20F53FF63}"
EndProject
Project("{FAE04EC0-301F-11D3-BF4B-00C04F79EFBC}") = "Wrapper.Discovery", "Wrapper.Discovery\Wrapper.Discovery.csproj", "{9F1FBCBC-8542-437F-9A4E-A09912909185}"
EndProject
Project("{FAE04EC0-301F-11D3-BF4B-00C04F79EFBC}") = "Wrapper.Workflow", "Wrapper.Workflow\Wrapper.Workflow.csproj", "{11E9FFED-19E5-4FC9-B1C7-703A6AFEF4F7}"
EndProject
Project("{FAE04EC0-301F-11D3-BF4B-00C04F79EFBC}") = "Wrapper.Mapping", "Wrapper.Mapping\Wrapper.Mapping.csproj", "{1619D977-F606-4FFD-9E2B-3A80984BD397}"
EndProject
Project("{FAE04EC0-301F-11D3-BF4B-00C04F79EFBC}") = "Wrapper.Resource", "Wrapper.Resource\Wrapper.Resource.csproj", "{F977BD26-9DD0-4B6D-95DA-58096DCA1913}"
EndProject
Project("{FAE04EC0-301F-11D3-BF4B-00C04F79EFBC}") = "GCommon.JobManagement", "..\..\common\GlobalCommon\GCommon.JobManagement\GCommon.JobManagement.csproj", "{158F8458-3113-4D0B-92A4-A4A267122914}"
EndProject
Project("{FAE04EC0-301F-11D3-BF4B-00C04F79EFBC}") = "Media.Storage", "..\..\common\MediaStorage\Media.Storage\Media.Storage.csproj", "{3180AE0E-D8E3-4B4D-903B-4AF57D16CAF5}"
EndProject
Project("{2150E333-8FDC-42A3-9474-1A3956D46DE8}") = "Common", "Common", "{2064CC0A-7E66-4C74-8C83-A8574C4AE5BC}"
EndProject
Project("{2150E333-8FDC-42A3-9474-1A3956D46DE8}") = "GCommon", "GCommon", "{F84D5049-454D-4CD7-8B17-5D89BD20512E}"
EndProject
Project("{2150E333-8FDC-42A3-9474-1A3956D46DE8}") = "MediaStorage", "MediaStorage", "{AC7EF0D3-D9B8-497F-A18D-DF7ED7AB65EC}"
EndProject
Project("{2150E333-8FDC-42A3-9474-1A3956D46DE8}") = "AgentCommon", "AgentCommon", "{83C9A1E7-B01C-4B4B-AF6F-82AFF4160A4B}"
EndProject
Project("{2150E333-8FDC-42A3-9474-1A3956D46DE8}") = "WrapperClient", "WrapperClient", "{BD16A304-AEBD-45C5-AEED-F22F21539EB7}"
EndProject
Project("{FAE04EC0-301F-11D3-BF4B-00C04F79EFBC}") = "AveClientOM2013Request", "..\SPAPIWrapper\AveObjectModel.Client\AveClientOM15Request\AveClientOM2013Request.csproj", "{529611B0-8563-4382-8531-609144ABB856}"
EndProject
Project("{FAE04EC0-301F-11D3-BF4B-00C04F79EFBC}") = "AveClientRequest.Common", "..\SPAPIWrapper\AveObjectModel.Client\AveClientRequest.Common\AveClientRequest.Common.csproj", "{869DEBB8-9BF4-4FA6-8A39-DE588D5BA1F5}"
EndProject
Project("{FAE04EC0-301F-11D3-BF4B-00C04F79EFBC}") = "AveO365LightWeightRequest", "..\SPAPIWrapper\AveObjectModel.Client\AveO365LightWeightRequest\AveO365LightWeightRequest.csproj", "{45A555EA-8807-42E6-9633-0391F279C4B2}"
EndProject
Project("{FAE04EC0-301F-11D3-BF4B-00C04F79EFBC}") = "AveObjectModel.Common", "..\SPAPIWrapper\AveObjectModel.Client\AveObjectModel.Common\AveObjectModel.Common.csproj", "{0A80A86C-D5BF-4D52-8F01-849ED20EB7FE}"
EndProject
Project("{FAE04EC0-301F-11D3-BF4B-00C04F79EFBC}") = "AvePSIRequest", "..\SPAPIWrapper\AveObjectModel.Client\AvePSIRequest\AvePSIRequest.csproj", "{2971E10B-6DD0-4120-8DEA-9FEADBF0F630}"
EndProject
Project("{FAE04EC0-301F-11D3-BF4B-00C04F79EFBC}") = "AveWebServiceRequest", "..\SPAPIWrapper\AveObjectModel.Client\AveWebServiceRequest\AveWebServiceRequest.csproj", "{50CBEAB6-1A53-4F03-9078-D7E224DAC10C}"
EndProject
Project("{2150E333-8FDC-42A3-9474-1A3956D46DE8}") = "BusinessLayer", "BusinessLayer", "{E75CEED3-E7C7-4478-AED0-40E06575189B}"
EndProject
Project("{2150E333-8FDC-42A3-9474-1A3956D46DE8}") = "WrapperCommon", "WrapperCommon", "{69ECE932-BA3C-4291-A2F4-35E258B66515}"
EndProject
Project("{2150E333-8FDC-42A3-9474-1A3956D46DE8}") = "Resource", "Resource", "{9824E2C9-E6C4-4B9A-8394-CF613CE12230}"
EndProject
Project("{2150E333-8FDC-42A3-9474-1A3956D46DE8}") = "TestProject", "TestProject", "{2BB0DA42-ABAC-4E68-939E-528EA87C26EF}"
EndProject
Project("{FAE04EC0-301F-11D3-BF4B-00C04F79EFBC}") = "TestModel", "..\SPAPIWrapper\AveObjectModel.Client\TestModel\TestModel.csproj", "{1C313887-229F-4F93-8319-55749C9E7A29}"
EndProject
Project("{FAE04EC0-301F-11D3-BF4B-00C04F79EFBC}") = "Wrapper.BackupRestore", "Wrapper.BackupRestore\Wrapper.BackupRestore.csproj", "{54DEF487-9024-48AE-B042-228AE50A1B23}"
EndProject
Global
	GlobalSection(SolutionConfigurationPlatforms) = preSolution
		Debug|Any CPU = Debug|Any CPU
		Release|Any CPU = Release|Any CPU
	EndGlobalSection
	GlobalSection(ProjectConfigurationPlatforms) = postSolution
		{ABF32DB9-9D2A-4F78-96B5-E2B1FAC08658}.Debug|Any CPU.ActiveCfg = Debug|Any CPU
		{ABF32DB9-9D2A-4F78-96B5-E2B1FAC08658}.Debug|Any CPU.Build.0 = Debug|Any CPU
		{ABF32DB9-9D2A-4F78-96B5-E2B1FAC08658}.Release|Any CPU.ActiveCfg = Release|Any CPU
		{ABF32DB9-9D2A-4F78-96B5-E2B1FAC08658}.Release|Any CPU.Build.0 = Release|Any CPU
		{7151E862-A761-4A90-ACE6-37D7442047A6}.Debug|Any CPU.ActiveCfg = Debug|Any CPU
		{7151E862-A761-4A90-ACE6-37D7442047A6}.Debug|Any CPU.Build.0 = Debug|Any CPU
		{7151E862-A761-4A90-ACE6-37D7442047A6}.Release|Any CPU.ActiveCfg = Release|Any CPU
		{7151E862-A761-4A90-ACE6-37D7442047A6}.Release|Any CPU.Build.0 = Release|Any CPU
		{284A9DB0-5AD7-49A0-AA73-FD5EE781B813}.Debug|Any CPU.ActiveCfg = Debug|Any CPU
		{284A9DB0-5AD7-49A0-AA73-FD5EE781B813}.Debug|Any CPU.Build.0 = Debug|Any CPU
		{284A9DB0-5AD7-49A0-AA73-FD5EE781B813}.Release|Any CPU.ActiveCfg = Release|Any CPU
		{284A9DB0-5AD7-49A0-AA73-FD5EE781B813}.Release|Any CPU.Build.0 = Release|Any CPU
		{1F76A416-ED79-4A0E-8079-8308E44EE98F}.Debug|Any CPU.ActiveCfg = Debug|Any CPU
		{1F76A416-ED79-4A0E-8079-8308E44EE98F}.Debug|Any CPU.Build.0 = Debug|Any CPU
		{1F76A416-ED79-4A0E-8079-8308E44EE98F}.Release|Any CPU.ActiveCfg = Release|Any CPU
		{1F76A416-ED79-4A0E-8079-8308E44EE98F}.Release|Any CPU.Build.0 = Release|Any CPU
		{590C8B1E-D973-4CF4-A142-B475131EC4B5}.Debug|Any CPU.ActiveCfg = Debug|Any CPU
		{590C8B1E-D973-4CF4-A142-B475131EC4B5}.Debug|Any CPU.Build.0 = Debug|Any CPU
		{590C8B1E-D973-4CF4-A142-B475131EC4B5}.Release|Any CPU.ActiveCfg = Release|Any CPU
		{590C8B1E-D973-4CF4-A142-B475131EC4B5}.Release|Any CPU.Build.0 = Release|Any CPU
		{2E3693A2-F00E-4BFA-B87F-23F25787CDF7}.Debug|Any CPU.ActiveCfg = Debug|Any CPU
		{2E3693A2-F00E-4BFA-B87F-23F25787CDF7}.Debug|Any CPU.Build.0 = Debug|Any CPU
		{2E3693A2-F00E-4BFA-B87F-23F25787CDF7}.Release|Any CPU.ActiveCfg = Release|Any CPU
		{2E3693A2-F00E-4BFA-B87F-23F25787CDF7}.Release|Any CPU.Build.0 = Release|Any CPU
		{9380E15E-5F69-4F2C-889F-E04756F6CCCA}.Debug|Any CPU.ActiveCfg = Debug|Any CPU
		{9380E15E-5F69-4F2C-889F-E04756F6CCCA}.Debug|Any CPU.Build.0 = Debug|Any CPU
		{9380E15E-5F69-4F2C-889F-E04756F6CCCA}.Release|Any CPU.ActiveCfg = Release|Any CPU
		{9380E15E-5F69-4F2C-889F-E04756F6CCCA}.Release|Any CPU.Build.0 = Release|Any CPU
		{E3F69123-5F54-44E0-9457-C002607469F7}.Debug|Any CPU.ActiveCfg = Debug|Any CPU
		{E3F69123-5F54-44E0-9457-C002607469F7}.Debug|Any CPU.Build.0 = Debug|Any CPU
		{E3F69123-5F54-44E0-9457-C002607469F7}.Release|Any CPU.ActiveCfg = Release|Any CPU
		{E3F69123-5F54-44E0-9457-C002607469F7}.Release|Any CPU.Build.0 = Release|Any CPU
		{361F3C7C-ABBF-42D5-975A-65E4E9866068}.Debug|Any CPU.ActiveCfg = Debug|Any CPU
		{361F3C7C-ABBF-42D5-975A-65E4E9866068}.Debug|Any CPU.Build.0 = Debug|Any CPU
		{361F3C7C-ABBF-42D5-975A-65E4E9866068}.Release|Any CPU.ActiveCfg = Release|Any CPU
		{361F3C7C-ABBF-42D5-975A-65E4E9866068}.Release|Any CPU.Build.0 = Release|Any CPU
		{B92A472D-4F48-40C8-8910-AD9F35FDDAFA}.Debug|Any CPU.ActiveCfg = Debug|Any CPU
		{B92A472D-4F48-40C8-8910-AD9F35FDDAFA}.Debug|Any CPU.Build.0 = Debug|Any CPU
		{B92A472D-4F48-40C8-8910-AD9F35FDDAFA}.Release|Any CPU.ActiveCfg = Release|Any CPU
		{B92A472D-4F48-40C8-8910-AD9F35FDDAFA}.Release|Any CPU.Build.0 = Release|Any CPU
		{808AD180-F116-473F-AECD-2538500F75E0}.Debug|Any CPU.ActiveCfg = Debug|Any CPU
		{808AD180-F116-473F-AECD-2538500F75E0}.Debug|Any CPU.Build.0 = Debug|Any CPU
		{808AD180-F116-473F-AECD-2538500F75E0}.Release|Any CPU.ActiveCfg = Release|Any CPU
		{808AD180-F116-473F-AECD-2538500F75E0}.Release|Any CPU.Build.0 = Release|Any CPU
		{4D7D0D1F-EE7B-4494-892B-478B3F92B339}.Debug|Any CPU.ActiveCfg = Debug|Any CPU
		{4D7D0D1F-EE7B-4494-892B-478B3F92B339}.Debug|Any CPU.Build.0 = Debug|Any CPU
		{4D7D0D1F-EE7B-4494-892B-478B3F92B339}.Release|Any CPU.ActiveCfg = Release|Any CPU
		{4D7D0D1F-EE7B-4494-892B-478B3F92B339}.Release|Any CPU.Build.0 = Release|Any CPU
		{565E234A-0C73-4B6C-B6BD-D0D20F53FF63}.Debug|Any CPU.ActiveCfg = Debug|Any CPU
		{565E234A-0C73-4B6C-B6BD-D0D20F53FF63}.Debug|Any CPU.Build.0 = Debug|Any CPU
		{565E234A-0C73-4B6C-B6BD-D0D20F53FF63}.Release|Any CPU.ActiveCfg = Release|Any CPU
		{565E234A-0C73-4B6C-B6BD-D0D20F53FF63}.Release|Any CPU.Build.0 = Release|Any CPU
		{9F1FBCBC-8542-437F-9A4E-A09912909185}.Debug|Any CPU.ActiveCfg = Debug|Any CPU
		{9F1FBCBC-8542-437F-9A4E-A09912909185}.Debug|Any CPU.Build.0 = Debug|Any CPU
		{9F1FBCBC-8542-437F-9A4E-A09912909185}.Release|Any CPU.ActiveCfg = Release|Any CPU
		{9F1FBCBC-8542-437F-9A4E-A09912909185}.Release|Any CPU.Build.0 = Release|Any CPU
		{11E9FFED-19E5-4FC9-B1C7-703A6AFEF4F7}.Debug|Any CPU.ActiveCfg = Debug|Any CPU
		{11E9FFED-19E5-4FC9-B1C7-703A6AFEF4F7}.Debug|Any CPU.Build.0 = Debug|Any CPU
		{11E9FFED-19E5-4FC9-B1C7-703A6AFEF4F7}.Release|Any CPU.ActiveCfg = Release|Any CPU
		{11E9FFED-19E5-4FC9-B1C7-703A6AFEF4F7}.Release|Any CPU.Build.0 = Release|Any CPU
		{1619D977-F606-4FFD-9E2B-3A80984BD397}.Debug|Any CPU.ActiveCfg = Debug|Any CPU
		{1619D977-F606-4FFD-9E2B-3A80984BD397}.Debug|Any CPU.Build.0 = Debug|Any CPU
		{1619D977-F606-4FFD-9E2B-3A80984BD397}.Release|Any CPU.ActiveCfg = Release|Any CPU
		{1619D977-F606-4FFD-9E2B-3A80984BD397}.Release|Any CPU.Build.0 = Release|Any CPU
		{F977BD26-9DD0-4B6D-95DA-58096DCA1913}.Debug|Any CPU.ActiveCfg = Debug|Any CPU
		{F977BD26-9DD0-4B6D-95DA-58096DCA1913}.Debug|Any CPU.Build.0 = Debug|Any CPU
		{F977BD26-9DD0-4B6D-95DA-58096DCA1913}.Release|Any CPU.ActiveCfg = Release|Any CPU
		{F977BD26-9DD0-4B6D-95DA-58096DCA1913}.Release|Any CPU.Build.0 = Release|Any CPU
		{158F8458-3113-4D0B-92A4-A4A267122914}.Debug|Any CPU.ActiveCfg = Debug|Any CPU
		{158F8458-3113-4D0B-92A4-A4A267122914}.Debug|Any CPU.Build.0 = Debug|Any CPU
		{158F8458-3113-4D0B-92A4-A4A267122914}.Release|Any CPU.ActiveCfg = Release|Any CPU
		{158F8458-3113-4D0B-92A4-A4A267122914}.Release|Any CPU.Build.0 = Release|Any CPU
		{3180AE0E-D8E3-4B4D-903B-4AF57D16CAF5}.Debug|Any CPU.ActiveCfg = Debug|Any CPU
		{3180AE0E-D8E3-4B4D-903B-4AF57D16CAF5}.Debug|Any CPU.Build.0 = Debug|Any CPU
		{3180AE0E-D8E3-4B4D-903B-4AF57D16CAF5}.Release|Any CPU.ActiveCfg = Release|Any CPU
		{3180AE0E-D8E3-4B4D-903B-4AF57D16CAF5}.Release|Any CPU.Build.0 = Release|Any CPU
		{529611B0-8563-4382-8531-609144ABB856}.Debug|Any CPU.ActiveCfg = Debug|Any CPU
		{529611B0-8563-4382-8531-609144ABB856}.Debug|Any CPU.Build.0 = Debug|Any CPU
		{529611B0-8563-4382-8531-609144ABB856}.Release|Any CPU.ActiveCfg = Release|Any CPU
		{529611B0-8563-4382-8531-609144ABB856}.Release|Any CPU.Build.0 = Release|Any CPU
		{869DEBB8-9BF4-4FA6-8A39-DE588D5BA1F5}.Debug|Any CPU.ActiveCfg = Debug|Any CPU
		{869DEBB8-9BF4-4FA6-8A39-DE588D5BA1F5}.Debug|Any CPU.Build.0 = Debug|Any CPU
		{869DEBB8-9BF4-4FA6-8A39-DE588D5BA1F5}.Release|Any CPU.ActiveCfg = Release|Any CPU
		{869DEBB8-9BF4-4FA6-8A39-DE588D5BA1F5}.Release|Any CPU.Build.0 = Release|Any CPU
		{45A555EA-8807-42E6-9633-0391F279C4B2}.Debug|Any CPU.ActiveCfg = Debug|Any CPU
		{45A555EA-8807-42E6-9633-0391F279C4B2}.Debug|Any CPU.Build.0 = Debug|Any CPU
		{45A555EA-8807-42E6-9633-0391F279C4B2}.Release|Any CPU.ActiveCfg = Release|Any CPU
		{45A555EA-8807-42E6-9633-0391F279C4B2}.Release|Any CPU.Build.0 = Release|Any CPU
		{0A80A86C-D5BF-4D52-8F01-849ED20EB7FE}.Debug|Any CPU.ActiveCfg = Debug|Any CPU
		{0A80A86C-D5BF-4D52-8F01-849ED20EB7FE}.Debug|Any CPU.Build.0 = Debug|Any CPU
		{0A80A86C-D5BF-4D52-8F01-849ED20EB7FE}.Release|Any CPU.ActiveCfg = Release|Any CPU
		{0A80A86C-D5BF-4D52-8F01-849ED20EB7FE}.Release|Any CPU.Build.0 = Release|Any CPU
		{2971E10B-6DD0-4120-8DEA-9FEADBF0F630}.Debug|Any CPU.ActiveCfg = Debug|Any CPU
		{2971E10B-6DD0-4120-8DEA-9FEADBF0F630}.Debug|Any CPU.Build.0 = Debug|Any CPU
		{2971E10B-6DD0-4120-8DEA-9FEADBF0F630}.Release|Any CPU.ActiveCfg = Release|Any CPU
		{2971E10B-6DD0-4120-8DEA-9FEADBF0F630}.Release|Any CPU.Build.0 = Release|Any CPU
		{50CBEAB6-1A53-4F03-9078-D7E224DAC10C}.Debug|Any CPU.ActiveCfg = Debug|Any CPU
		{50CBEAB6-1A53-4F03-9078-D7E224DAC10C}.Debug|Any CPU.Build.0 = Debug|Any CPU
		{50CBEAB6-1A53-4F03-9078-D7E224DAC10C}.Release|Any CPU.ActiveCfg = Release|Any CPU
		{50CBEAB6-1A53-4F03-9078-D7E224DAC10C}.Release|Any CPU.Build.0 = Release|Any CPU
		{1C313887-229F-4F93-8319-55749C9E7A29}.Debug|Any CPU.ActiveCfg = Debug|Any CPU
		{1C313887-229F-4F93-8319-55749C9E7A29}.Debug|Any CPU.Build.0 = Debug|Any CPU
		{1C313887-229F-4F93-8319-55749C9E7A29}.Release|Any CPU.ActiveCfg = Release|Any CPU
		{1C313887-229F-4F93-8319-55749C9E7A29}.Release|Any CPU.Build.0 = Release|Any CPU
		{54DEF487-9024-48AE-B042-228AE50A1B23}.Debug|Any CPU.ActiveCfg = Debug|Any CPU
		{54DEF487-9024-48AE-B042-228AE50A1B23}.Debug|Any CPU.Build.0 = Debug|Any CPU
		{54DEF487-9024-48AE-B042-228AE50A1B23}.Release|Any CPU.ActiveCfg = Release|Any CPU
		{54DEF487-9024-48AE-B042-228AE50A1B23}.Release|Any CPU.Build.0 = Release|Any CPU
	EndGlobalSection
	GlobalSection(SolutionProperties) = preSolution
		HideSolutionNode = FALSE
	EndGlobalSection
	GlobalSection(NestedProjects) = preSolution
		{ABF32DB9-9D2A-4F78-96B5-E2B1FAC08658} = {83C9A1E7-B01C-4B4B-AF6F-82AFF4160A4B}
		{7151E862-A761-4A90-ACE6-37D7442047A6} = {F84D5049-454D-4CD7-8B17-5D89BD20512E}
		{284A9DB0-5AD7-49A0-AA73-FD5EE781B813} = {F84D5049-454D-4CD7-8B17-5D89BD20512E}
		{1F76A416-ED79-4A0E-8079-8308E44EE98F} = {F84D5049-454D-4CD7-8B17-5D89BD20512E}
		{590C8B1E-D973-4CF4-A142-B475131EC4B5} = {F84D5049-454D-4CD7-8B17-5D89BD20512E}
		{2E3693A2-F00E-4BFA-B87F-23F25787CDF7} = {E75CEED3-E7C7-4478-AED0-40E06575189B}
		{9380E15E-5F69-4F2C-889F-E04756F6CCCA} = {69ECE932-BA3C-4291-A2F4-35E258B66515}
		{E3F69123-5F54-44E0-9457-C002607469F7} = {E75CEED3-E7C7-4478-AED0-40E06575189B}
		{361F3C7C-ABBF-42D5-975A-65E4E9866068} = {F84D5049-454D-4CD7-8B17-5D89BD20512E}
		{B92A472D-4F48-40C8-8910-AD9F35FDDAFA} = {F84D5049-454D-4CD7-8B17-5D89BD20512E}
		{808AD180-F116-473F-AECD-2538500F75E0} = {69ECE932-BA3C-4291-A2F4-35E258B66515}
		{4D7D0D1F-EE7B-4494-892B-478B3F92B339} = {F84D5049-454D-4CD7-8B17-5D89BD20512E}
		{565E234A-0C73-4B6C-B6BD-D0D20F53FF63} = {E75CEED3-E7C7-4478-AED0-40E06575189B}
		{9F1FBCBC-8542-437F-9A4E-A09912909185} = {E75CEED3-E7C7-4478-AED0-40E06575189B}
		{11E9FFED-19E5-4FC9-B1C7-703A6AFEF4F7} = {E75CEED3-E7C7-4478-AED0-40E06575189B}
		{1619D977-F606-4FFD-9E2B-3A80984BD397} = {69ECE932-BA3C-4291-A2F4-35E258B66515}
		{F977BD26-9DD0-4B6D-95DA-58096DCA1913} = {9824E2C9-E6C4-4B9A-8394-CF613CE12230}
		{158F8458-3113-4D0B-92A4-A4A267122914} = {F84D5049-454D-4CD7-8B17-5D89BD20512E}
		{3180AE0E-D8E3-4B4D-903B-4AF57D16CAF5} = {AC7EF0D3-D9B8-497F-A18D-DF7ED7AB65EC}
		{F84D5049-454D-4CD7-8B17-5D89BD20512E} = {2064CC0A-7E66-4C74-8C83-A8574C4AE5BC}
		{AC7EF0D3-D9B8-497F-A18D-DF7ED7AB65EC} = {2064CC0A-7E66-4C74-8C83-A8574C4AE5BC}
		{83C9A1E7-B01C-4B4B-AF6F-82AFF4160A4B} = {2064CC0A-7E66-4C74-8C83-A8574C4AE5BC}
		{529611B0-8563-4382-8531-609144ABB856} = {BD16A304-AEBD-45C5-AEED-F22F21539EB7}
		{869DEBB8-9BF4-4FA6-8A39-DE588D5BA1F5} = {BD16A304-AEBD-45C5-AEED-F22F21539EB7}
		{45A555EA-8807-42E6-9633-0391F279C4B2} = {BD16A304-AEBD-45C5-AEED-F22F21539EB7}
		{0A80A86C-D5BF-4D52-8F01-849ED20EB7FE} = {BD16A304-AEBD-45C5-AEED-F22F21539EB7}
		{2971E10B-6DD0-4120-8DEA-9FEADBF0F630} = {BD16A304-AEBD-45C5-AEED-F22F21539EB7}
		{50CBEAB6-1A53-4F03-9078-D7E224DAC10C} = {BD16A304-AEBD-45C5-AEED-F22F21539EB7}
		{1C313887-229F-4F93-8319-55749C9E7A29} = {2BB0DA42-ABAC-4E68-939E-528EA87C26EF}
		{54DEF487-9024-48AE-B042-228AE50A1B23} = {E75CEED3-E7C7-4478-AED0-40E06575189B}
	EndGlobalSection
	GlobalSection(TestCaseManagementSettings) = postSolution
		CategoryFile = Wrapper.vsmdi
	EndGlobalSection
EndGlobal
